// !$*UTF8*$!
{
	archiveVersion = 1;
	classes = {
	};
	objectVersion = 46;
	objects = {

/* Begin PBXBuildFile section */
		17F759A1198B751C0069329A /* Foundation.framework in Frameworks */ = {isa = PBXBuildFile; fileRef = 17F759A0198B751C0069329A /* Foundation.framework */; };
		17F759A3198B751C0069329A /* CoreGraphics.framework in Frameworks */ = {isa = PBXBuildFile; fileRef = 17F759A2198B751C0069329A /* CoreGraphics.framework */; };
		17F759A5198B751C0069329A /* UIKit.framework in Frameworks */ = {isa = PBXBuildFile; fileRef = 17F759A4198B751C0069329A /* UIKit.framework */; };
		17F759AB198B751C0069329A /* InfoPlist.strings in Resources */ = {isa = PBXBuildFile; fileRef = 17F759A9198B751C0069329A /* InfoPlist.strings */; };
		17F759AD198B751C0069329A /* main.m in Sources */ = {isa = PBXBuildFile; fileRef = 17F759AC198B751C0069329A /* main.m */; };
		17F759B1198B751C0069329A /* AppDelegate.m in Sources */ = {isa = PBXBuildFile; fileRef = 17F759B0198B751C0069329A /* AppDelegate.m */; };
		17F759B4198B751C0069329A /* Main.storyboard in Resources */ = {isa = PBXBuildFile; fileRef = 17F759B2198B751C0069329A /* Main.storyboard */; };
		17F759B7198B751C0069329A /* ViewController.m in Sources */ = {isa = PBXBuildFile; fileRef = 17F759B6198B751C0069329A /* ViewController.m */; };
		17F759B9198B751C0069329A /* Images.xcassets in Resources */ = {isa = PBXBuildFile; fileRef = 17F759B8198B751C0069329A /* Images.xcassets */; };
		17F759C0198B751C0069329A /* XCTest.framework in Frameworks */ = {isa = PBXBuildFile; fileRef = 17F759BF198B751C0069329A /* XCTest.framework */; };
		17F759C1198B751C0069329A /* Foundation.framework in Frameworks */ = {isa = PBXBuildFile; fileRef = 17F759A0198B751C0069329A /* Foundation.framework */; };
		17F759C2198B751C0069329A /* UIKit.framework in Frameworks */ = {isa = PBXBuildFile; fileRef = 17F759A4198B751C0069329A /* UIKit.framework */; };
		17F759CA198B751C0069329A /* InfoPlist.strings in Resources */ = {isa = PBXBuildFile; fileRef = 17F759C8198B751C0069329A /* InfoPlist.strings */; };
		17F759CC198B751C0069329A /* testTests.m in Sources */ = {isa = PBXBuildFile; fileRef = 17F759CB198B751C0069329A /* testTests.m */; };
/* End PBXBuildFile section */

/* Begin PBXContainerItemProxy section */
		17F759C3198B751C0069329A /* PBXContainerItemProxy */ = {
			isa = PBXContainerItemProxy;
			containerPortal = 17F75995198B751C0069329A /* Project object */;
			proxyType = 1;
			remoteGlobalIDString = 17F7599C198B751C0069329A;
			remoteInfo = test;
		};
/* End PBXContainerItemProxy section */

/* Begin PBXFileReference section */
		17F7599D198B751C0069329A /* test.app */ = {isa = PBXFileReference; explicitFileType = wrapper.application; includeInIndex = 0; path = test.app; sourceTree = BUILT_PRODUCTS_DIR; };
		17F759A0198B751C0069329A /* Foundation.framework */ = {isa = PBXFileReference; lastKnownFileType = wrapper.framework; name = Foundation.framework; path = System/Library/Frameworks/Foundation.framework; sourceTree = SDKROOT; };
		17F759A2198B751C0069329A /* CoreGraphics.framework */ = {isa = PBXFileReference; lastKnownFileType = wrapper.framework; name = CoreGraphics.framework; path = System/Library/Frameworks/CoreGraphics.framework; sourceTree = SDKROOT; };
		17F759A4198B751C0069329A /* UIKit.framework */ = {isa = PBXFileReference; lastKnownFileType = wrapper.framework; name = UIKit.framework; path = System/Library/Frameworks/UIKit.framework; sourceTree = SDKROOT; };
		17F759A8198B751C0069329A /* test-Info.plist */ = {isa = PBXFileReference; lastKnownFileType = text.plist.xml; path = "test-Info.plist"; sourceTree = "<group>"; };
		17F759AA198B751C0069329A /* en */ = {isa = PBXFileReference; lastKnownFileType = text.plist.strings; name = en; path = en.lproj/InfoPlist.strings; sourceTree = "<group>"; };
		17F759AC198B751C0069329A /* main.m */ = {isa = PBXFileReference; lastKnownFileType = sourcecode.c.objc; path = main.m; sourceTree = "<group>"; };
		17F759AE198B751C0069329A /* test-Prefix.pch */ = {isa = PBXFileReference; lastKnownFileType = sourcecode.c.h; path = "test-Prefix.pch"; sourceTree = "<group>"; };
		17F759AF198B751C0069329A /* AppDelegate.h */ = {isa = PBXFileReference; lastKnownFileType = sourcecode.c.h; path = AppDelegate.h; sourceTree = "<group>"; };
		17F759B0198B751C0069329A /* AppDelegate.m */ = {isa = PBXFileReference; lastKnownFileType = sourcecode.c.objc; path = AppDelegate.m; sourceTree = "<group>"; };
		17F759B3198B751C0069329A /* Base */ = {isa = PBXFileReference; lastKnownFileType = file.storyboard; name = Base; path = Base.lproj/Main.storyboard; sourceTree = "<group>"; };
		17F759B5198B751C0069329A /* ViewController.h */ = {isa = PBXFileReference; lastKnownFileType = sourcecode.c.h; path = ViewController.h; sourceTree = "<group>"; };
		17F759B6198B751C0069329A /* ViewController.m */ = {isa = PBXFileReference; lastKnownFileType = sourcecode.c.objc; path = ViewController.m; sourceTree = "<group>"; };
		17F759B8198B751C0069329A /* Images.xcassets */ = {isa = PBXFileReference; lastKnownFileType = folder.assetcatalog; path = Images.xcassets; sourceTree = "<group>"; };
		17F759BE198B751C0069329A /* testTests.xctest */ = {isa = PBXFileReference; explicitFileType = wrapper.cfbundle; includeInIndex = 0; path = testTests.xctest; sourceTree = BUILT_PRODUCTS_DIR; };
		17F759BF198B751C0069329A /* XCTest.framework */ = {isa = PBXFileReference; lastKnownFileType = wrapper.framework; name = XCTest.framework; path = Library/Frameworks/XCTest.framework; sourceTree = DEVELOPER_DIR; };
		17F759C7198B751C0069329A /* testTests-Info.plist */ = {isa = PBXFileReference; lastKnownFileType = text.plist.xml; path = "testTests-Info.plist"; sourceTree = "<group>"; };
		17F759C9198B751C0069329A /* en */ = {isa = PBXFileReference; lastKnownFileType = text.plist.strings; name = en; path = en.lproj/InfoPlist.strings; sourceTree = "<group>"; };
		17F759CB198B751C0069329A /* testTests.m */ = {isa = PBXFileReference; lastKnownFileType = sourcecode.c.objc; path = testTests.m; sourceTree = "<group>"; };
/* End PBXFileReference section */

/* Begin PBXFrameworksBuildPhase section */
		17F7599A198B751C0069329A /* Frameworks */ = {
			isa = PBXFrameworksBuildPhase;
			buildActionMask = 2147483647;
			files = (
				17F759A3198B751C0069329A /* CoreGraphics.framework in Frameworks */,
				17F759A5198B751C0069329A /* UIKit.framework in Frameworks */,
				17F759A1198B751C0069329A /* Foundation.framework in Frameworks */,
			);
			runOnlyForDeploymentPostprocessing = 0;
		};
		17F759BB198B751C0069329A /* Frameworks */ = {
			isa = PBXFrameworksBuildPhase;
			buildActionMask = 2147483647;
			files = (
				17F759C0198B751C0069329A /* XCTest.framework in Frameworks */,
				17F759C2198B751C0069329A /* UIKit.framework in Frameworks */,
				17F759C1198B751C0069329A /* Foundation.framework in Frameworks */,
			);
			runOnlyForDeploymentPostprocessing = 0;
		};
/* End PBXFrameworksBuildPhase section */

/* Begin PBXGroup section */
		17F75994198B751C0069329A = {
			isa = PBXGroup;
			children = (
				17F759A6198B751C0069329A /* test */,
				17F759C5198B751C0069329A /* testTests */,
				17F7599F198B751C0069329A /* Frameworks */,
				17F7599E198B751C0069329A /* Products */,
			);
			sourceTree = "<group>";
		};
		17F7599E198B751C0069329A /* Products */ = {
			isa = PBXGroup;
			children = (
				17F7599D198B751C0069329A /* test.app */,
				17F759BE198B751C0069329A /* testTests.xctest */,
			);
			name = Products;
			sourceTree = "<group>";
		};
		17F7599F198B751C0069329A /* Frameworks */ = {
			isa = PBXGroup;
			children = (
				17F759A0198B751C0069329A /* Foundation.framework */,
				17F759A2198B751C0069329A /* CoreGraphics.framework */,
				17F759A4198B751C0069329A /* UIKit.framework */,
				17F759BF198B751C0069329A /* XCTest.framework */,
			);
			name = Frameworks;
			sourceTree = "<group>";
		};
		17F759A6198B751C0069329A /* test */ = {
			isa = PBXGroup;
			children = (
				17F759AF198B751C0069329A /* AppDelegate.h */,
				17F759B0198B751C0069329A /* AppDelegate.m */,
				17F759B2198B751C0069329A /* Main.storyboard */,
				17F759B5198B751C0069329A /* ViewController.h */,
				17F759B6198B751C0069329A /* ViewController.m */,
				17F759B8198B751C0069329A /* Images.xcassets */,
				17F759A7198B751C0069329A /* Supporting Files */,
			);
			path = test;
			sourceTree = "<group>";
		};
		17F759A7198B751C0069329A /* Supporting Files */ = {
			isa = PBXGroup;
			children = (
				17F759A8198B751C0069329A /* test-Info.plist */,
				17F759A9198B751C0069329A /* InfoPlist.strings */,
				17F759AC198B751C0069329A /* main.m */,
				17F759AE198B751C0069329A /* test-Prefix.pch */,
			);
			name = "Supporting Files";
			sourceTree = "<group>";
		};
		17F759C5198B751C0069329A /* testTests */ = {
			isa = PBXGroup;
			children = (
				17F759CB198B751C0069329A /* testTests.m */,
				17F759C6198B751C0069329A /* Supporting Files */,
			);
			path = testTests;
			sourceTree = "<group>";
		};
		17F759C6198B751C0069329A /* Supporting Files */ = {
			isa = PBXGroup;
			children = (
				17F759C7198B751C0069329A /* testTests-Info.plist */,
				17F759C8198B751C0069329A /* InfoPlist.strings */,
			);
			name = "Supporting Files";
			sourceTree = "<group>";
		};
/* End PBXGroup section */

/* Begin PBXNativeTarget section */
		17F7599C198B751C0069329A /* test */ = {
			isa = PBXNativeTarget;
			buildConfigurationList = 17F759CF198B751C0069329A /* Build configuration list for PBXNativeTarget "test" */;
			buildPhases = (
				17F75999198B751C0069329A /* Sources */,
				17F7599A198B751C0069329A /* Frameworks */,
				17F7599B198B751C0069329A /* Resources */,
			);
			buildRules = (
			);
			dependencies = (
			);
			name = test;
			productName = test;
			productReference = 17F7599D198B751C0069329A /* test.app */;
			productType = "com.apple.product-type.application";
		};
		17F759BD198B751C0069329A /* testTests */ = {
			isa = PBXNativeTarget;
			buildConfigurationList = 17F759D2198B751C0069329A /* Build configuration list for PBXNativeTarget "testTests" */;
			buildPhases = (
				17F759BA198B751C0069329A /* Sources */,
				17F759BB198B751C0069329A /* Frameworks */,
				17F759BC198B751C0069329A /* Resources */,
			);
			buildRules = (
			);
			dependencies = (
				17F759C4198B751C0069329A /* PBXTargetDependency */,
			);
			name = testTests;
			productName = testTests;
			productReference = 17F759BE198B751C0069329A /* testTests.xctest */;
			productType = "com.apple.product-type.bundle.unit-test";
		};
/* End PBXNativeTarget section */

/* Begin PBXProject section */
		17F75995198B751C0069329A /* Project object */ = {
			isa = PBXProject;
			attributes = {
				LastUpgradeCheck = 0510;
				ORGANIZATIONNAME = "___FULLUSERNAME___";
				TargetAttributes = {
					17F7599C198B751C0069329A = {
						DevelopmentTeam = UECH3VPJ68;
					};
					17F759BD198B751C0069329A = {
						TestTargetID = 17F7599C198B751C0069329A;
					};
				};
			};
			buildConfigurationList = 17F75998198B751C0069329A /* Build configuration list for PBXProject "test" */;
			compatibilityVersion = "Xcode 3.2";
			developmentRegion = English;
			hasScannedForEncodings = 0;
			knownRegions = (
				en,
				Base,
			);
			mainGroup = 17F75994198B751C0069329A;
			productRefGroup = 17F7599E198B751C0069329A /* Products */;
			projectDirPath = "";
			projectRoot = "";
			targets = (
				17F7599C198B751C0069329A /* test */,
				17F759BD198B751C0069329A /* testTests */,
			);
		};
/* End PBXProject section */

/* Begin PBXResourcesBuildPhase section */
		17F7599B198B751C0069329A /* Resources */ = {
			isa = PBXResourcesBuildPhase;
			buildActionMask = 2147483647;
			files = (
				17F759B9198B751C0069329A /* Images.xcassets in Resources */,
				17F759AB198B751C0069329A /* InfoPlist.strings in Resources */,
				17F759B4198B751C0069329A /* Main.storyboard in Resources */,
			);
			runOnlyForDeploymentPostprocessing = 0;
		};
		17F759BC198B751C0069329A /* Resources */ = {
			isa = PBXResourcesBuildPhase;
			buildActionMask = 2147483647;
			files = (
				17F759CA198B751C0069329A /* InfoPlist.strings in Resources */,
			);
			runOnlyForDeploymentPostprocessing = 0;
		};
/* End PBXResourcesBuildPhase section */

/* Begin PBXSourcesBuildPhase section */
		17F75999198B751C0069329A /* Sources */ = {
			isa = PBXSourcesBuildPhase;
			buildActionMask = 2147483647;
			files = (
				17F759B7198B751C0069329A /* ViewController.m in Sources */,
				17F759B1198B751C0069329A /* AppDelegate.m in Sources */,
				17F759AD198B751C0069329A /* main.m in Sources */,
			);
			runOnlyForDeploymentPostprocessing = 0;
		};
		17F759BA198B751C0069329A /* Sources */ = {
			isa = PBXSourcesBuildPhase;
			buildActionMask = 2147483647;
			files = (
				17F759CC198B751C0069329A /* testTests.m in Sources */,
			);
			runOnlyForDeploymentPostprocessing = 0;
		};
/* End PBXSourcesBuildPhase section */

/* Begin PBXTargetDependency section */
		17F759C4198B751C0069329A /* PBXTargetDependency */ = {
			isa = PBXTargetDependency;
			target = 17F7599C198B751C0069329A /* test */;
			targetProxy = 17F759C3198B751C0069329A /* PBXContainerItemProxy */;
		};
/* End PBXTargetDependency section */

/* Begin PBXVariantGroup section */
		17F759A9198B751C0069329A /* InfoPlist.strings */ = {
			isa = PBXVariantGroup;
			children = (
				17F759AA198B751C0069329A /* en */,
			);
			name = InfoPlist.strings;
			sourceTree = "<group>";
		};
		17F759B2198B751C0069329A /* Main.storyboard */ = {
			isa = PBXVariantGroup;
			children = (
				17F759B3198B751C0069329A /* Base */,
			);
			name = Main.storyboard;
			sourceTree = "<group>";
		};
		17F759C8198B751C0069329A /* InfoPlist.strings */ = {
			isa = PBXVariantGroup;
			children = (
				17F759C9198B751C0069329A /* en */,
			);
			name = InfoPlist.strings;
			sourceTree = "<group>";
		};
/* End PBXVariantGroup section */

/* Begin XCBuildConfiguration section */
		17F759CD198B751C0069329A /* Debug */ = {
			isa = XCBuildConfiguration;
			buildSettings = {
				ALWAYS_SEARCH_USER_PATHS = NO;
				CLANG_CXX_LANGUAGE_STANDARD = "gnu++0x";
				CLANG_CXX_LIBRARY = "libc++";
				CLANG_ENABLE_MODULES = YES;
				CLANG_ENABLE_OBJC_ARC = YES;
				CLANG_WARN_BOOL_CONVERSION = YES;
				CLANG_WARN_CONSTANT_CONVERSION = YES;
				CLANG_WARN_DIRECT_OBJC_ISA_USAGE = YES_ERROR;
				CLANG_WARN_EMPTY_BODY = YES;
				CLANG_WARN_ENUM_CONVERSION = YES;
				CLANG_WARN_INT_CONVERSION = YES;
				CLANG_WARN_OBJC_ROOT_CLASS = YES_ERROR;
				CLANG_WARN__DUPLICATE_METHOD_MATCH = YES;
				"CODE_SIGN_IDENTITY[sdk=iphoneos*]" = "iPhone Developer";
				COPY_PHASE_STRIP = NO;
				GCC_C_LANGUAGE_STANDARD = gnu99;
				GCC_DYNAMIC_NO_PIC = NO;
				GCC_OPTIMIZATION_LEVEL = 0;
				GCC_PREPROCESSOR_DEFINITIONS = (
					"DEBUG=1",
					"$(inherited)",
				);
				GCC_SYMBOLS_PRIVATE_EXTERN = NO;
				GCC_WARN_64_TO_32_BIT_CONVERSION = YES;
				GCC_WARN_ABOUT_RETURN_TYPE = YES_ERROR;
				GCC_WARN_UNDECLARED_SELECTOR = YES;
				GCC_WARN_UNINITIALIZED_AUTOS = YES_AGGRESSIVE;
				GCC_WARN_UNUSED_FUNCTION = YES;
				GCC_WARN_UNUSED_VARIABLE = YES;
				IPHONEOS_DEPLOYMENT_TARGET = 7.1;
				ONLY_ACTIVE_ARCH = YES;
				SDKROOT = iphoneos;
			};
			name = Debug;
		};
		17F759CE198B751C0069329A /* Release */ = {
			isa = XCBuildConfiguration;
			buildSettings = {
				ALWAYS_SEARCH_USER_PATHS = NO;
				CLANG_CXX_LANGUAGE_STANDARD = "gnu++0x";
				CLANG_CXX_LIBRARY = "libc++";
				CLANG_ENABLE_MODULES = YES;
				CLANG_ENABLE_OBJC_ARC = YES;
				CLANG_WARN_BOOL_CONVERSION = YES;
				CLANG_WARN_CONSTANT_CONVERSION = YES;
				CLANG_WARN_DIRECT_OBJC_ISA_USAGE = YES_ERROR;
				CLANG_WARN_EMPTY_BODY = YES;
				CLANG_WARN_ENUM_CONVERSION = YES;
				CLANG_WARN_INT_CONVERSION = YES;
				CLANG_WARN_OBJC_ROOT_CLASS = YES_ERROR;
				CLANG_WARN__DUPLICATE_METHOD_MATCH = YES;
				"CODE_SIGN_IDENTITY[sdk=iphoneos*]" = "iPhone Developer";
				COPY_PHASE_STRIP = YES;
				ENABLE_NS_ASSERTIONS = NO;
				GCC_C_LANGUAGE_STANDARD = gnu99;
				GCC_WARN_64_TO_32_BIT_CONVERSION = YES;
				GCC_WARN_ABOUT_RETURN_TYPE = YES_ERROR;
				GCC_WARN_UNDECLARED_SELECTOR = YES;
				GCC_WARN_UNINITIALIZED_AUTOS = YES_AGGRESSIVE;
				GCC_WARN_UNUSED_FUNCTION = YES;
				GCC_WARN_UNUSED_VARIABLE = YES;
				IPHONEOS_DEPLOYMENT_TARGET = 7.1;
				SDKROOT = iphoneos;
				VALIDATE_PRODUCT = YES;
			};
			name = Release;
		};
		17F759D0198B751C0069329A /* Debug */ = {
			isa = XCBuildConfiguration;
			buildSettings = {
				ASSETCATALOG_COMPILER_APPICON_NAME = AppIcon;
				ASSETCATALOG_COMPILER_LAUNCHIMAGE_NAME = LaunchImage;
				CODE_SIGN_IDENTITY = "iPhone Developer";
				GCC_PRECOMPILE_PREFIX_HEADER = YES;
				GCC_PREFIX_HEADER = "test/test-Prefix.pch";
				INFOPLIST_FILE = "test/test-Info.plist";
				PRODUCT_NAME = "$(TARGET_NAME)";
				WRAPPER_EXTENSION = app;
			};
			name = Debug;
		};
		17F759D1198B751C0069329A /* Release */ = {
			isa = XCBuildConfiguration;
			buildSettings = {
				ASSETCATALOG_COMPILER_APPICON_NAME = AppIcon;
				ASSETCATALOG_COMPILER_LAUNCHIMAGE_NAME = LaunchImage;
				CODE_SIGN_IDENTITY = "iPhone Distribution: Beijing 1000 Oaks Hu Lian Technology Development  (UECH3VPJ68)";
				GCC_PRECOMPILE_PREFIX_HEADER = YES;
				GCC_PREFIX_HEADER = "test/test-Prefix.pch";
				INFOPLIST_FILE = "test/test-Info.plist";
				PRODUCT_NAME = "$(TARGET_NAME)";
				WRAPPER_EXTENSION = app;
			};
			name = Release;
		};
		17F759D3198B751C0069329A /* Debug */ = {
			isa = XCBuildConfiguration;
			buildSettings = {
				BUNDLE_LOADER = "$(BUILT_PRODUCTS_DIR)/test.app/test";
				FRAMEWORK_SEARCH_PATHS = (
					"$(SDKROOT)/Developer/Library/Frameworks",
					"$(inherited)",
					"$(DEVELOPER_FRAMEWORKS_DIR)",
				);
				GCC_PRECOMPILE_PREFIX_HEADER = YES;
				GCC_PREFIX_HEADER = "test/test-Prefix.pch";
				GCC_PREPROCESSOR_DEFINITIONS = (
					"DEBUG=1",
					"$(inherited)",
				);
				INFOPLIST_FILE = "testTests/testTests-Info.plist";
				PRODUCT_NAME = "$(TARGET_NAME)";
				TEST_HOST = "$(BUNDLE_LOADER)";
				WRAPPER_EXTENSION = xctest;
			};
			name = Debug;
		};
		17F759D4198B751C0069329A /* Release */ = {
			isa = XCBuildConfiguration;
			buildSettings = {
				BUNDLE_LOADER = "$(BUILT_PRODUCTS_DIR)/test.app/test";
				FRAMEWORK_SEARCH_PATHS = (
					"$(SDKROOT)/Developer/Library/Frameworks",
					"$(inherited)",
					"$(DEVELOPER_FRAMEWORKS_DIR)",
				);
				GCC_PRECOMPILE_PREFIX_HEADER = YES;
				GCC_PREFIX_HEADER = "test/test-Prefix.pch";
				INFOPLIST_FILE = "testTests/testTests-Info.plist";
				PRODUCT_NAME = "$(TARGET_NAME)";
				TEST_HOST = "$(BUNDLE_LOADER)";
				WRAPPER_EXTENSION = xctest;
			};
			name = Release;
		};
/* End XCBuildConfiguration section */

/* Begin XCConfigurationList section */
		17F75998198B751C0069329A /* Build configuration list for PBXProject "test" */ = {
			isa = XCConfigurationList;
			buildConfigurations = (
				17F759CD198B751C0069329A /* Debug */,
				17F759CE198B751C0069329A /* Release */,
			);
			defaultConfigurationIsVisible = 0;
			defaultConfigurationName = Release;
		};
		17F759CF198B751C0069329A /* Build configuration list for PBXNativeTarget "test" */ = {
			isa = XCConfigurationList;
			buildConfigurations = (
				17F759D0198B751C0069329A /* Debug */,
				17F759D1198B751C0069329A /* Release */,
			);
			defaultConfigurationIsVisible = 0;
			defaultConfigurationName = Release;
		};
		17F759D2198B751C0069329A /* Build configuration list for PBXNativeTarget "testTests" */ = {
			isa = XCConfigurationList;
			buildConfigurations = (
				17F759D3198B751C0069329A /* Debug */,
				17F759D4198B751C0069329A /* Release */,
			);
			defaultConfigurationIsVisible = 0;
			defaultConfigurationName = Release;
		};
/* End XCConfigurationList section */
	};
	rootObject = 17F75995198B751C0069329A /* Project object */;
}
